
Microsoft Visual Studio Solution File, Format Version 12.00
# Visual Studio 15
VisualStudioVersion = 15.0.26621.2
MinimumVisualStudioVersion = 10.0.40219.1
Project("{FAE04EC0-301F-11D3-BF4B-00C04F79EFBC}") = "Decisions", "Decisions\Decisions.csproj", "{F58B60E9-C176-4B77-AC22-F8F9B6066563}"
EndProject
Global
	GlobalSection(SolutionConfigurationPlatforms) = preSolution
		Debug|Any CPU = Debug|Any CPU
		Release|Any CPU = Release|Any CPU
	EndGlobalSection
	GlobalSection(ProjectConfigurationPlatforms) = postSolution
		{F58B60E9-C176-4B77-AC22-F8F9B6066563}.Debug|Any CPU.ActiveCfg = Debug|Any CPU
		{F58B60E9-C176-4B77-AC22-F8F9B6066563}.Debug|Any CPU.Build.0 = Debug|Any CPU
		{F58B60E9-C176-4B77-AC22-F8F9B6066563}.Release|Any CPU.ActiveCfg = Release|Any CPU
		{F58B60E9-C176-4B77-AC22-F8F9B6066563}.Release|Any CPU.Build.0 = Release|Any CPU
	EndGlobalSection
	GlobalSection(SolutionProperties) = preSolution
		HideSolutionNode = FALSE
	EndGlobalSection
	GlobalSection(ExtensibilityGlobals) = postSolution
		SolutionGuid = {A8683BA8-EA04-4FD9-A5F8-39148C212C57}
	EndGlobalSection
EndGlobal
